
Microsoft Visual Studio Solution File, Format Version 12.00
# Visual Studio Version 17
VisualStudioVersion = 17.14.36414.22 d17.14
MinimumVisualStudioVersion = 10.0.40219.1
Project("{FAE04EC0-301F-11D3-BF4B-00C04F79EFBC}") = "MateriW4", "MateriW4.csproj", "{54D740A9-2B89-45DE-98A8-E61F7F23AA18}"
EndProject
Global
	GlobalSection(SolutionConfigurationPlatforms) = preSolution
		Debug|Any CPU = Debug|Any CPU
		Release|Any CPU = Release|Any CPU
	EndGlobalSection
	GlobalSection(ProjectConfigurationPlatforms) = postSolution
		{54D740A9-2B89-45DE-98A8-E61F7F23AA18}.Debug|Any CPU.ActiveCfg = Debug|Any CPU
		{54D740A9-2B89-45DE-98A8-E61F7F23AA18}.Debug|Any CPU.Build.0 = Debug|Any CPU
		{54D740A9-2B89-45DE-98A8-E61F7F23AA18}.Release|Any CPU.ActiveCfg = Release|Any CPU
		{54D740A9-2B89-45DE-98A8-E61F7F23AA18}.Release|Any CPU.Build.0 = Release|Any CPU
	EndGlobalSection
	GlobalSection(SolutionProperties) = preSolution
		HideSolutionNode = FALSE
	EndGlobalSection
	GlobalSection(ExtensibilityGlobals) = postSolution
		SolutionGuid = {A5ABB488-9A02-4396-B4F6-0410F03576B0}
	EndGlobalSection
EndGlobal
