
Microsoft Visual Studio Solution File, Format Version 12.00
# Visual Studio Version 17
VisualStudioVersion = 17.14.36414.22 d17.14
MinimumVisualStudioVersion = 10.0.40219.1
Project("{FAE04EC0-301F-11D3-BF4B-00C04F79EFBC}") = "VendingMachine", "VendingMachine\VendingMachine.csproj", "{70DB83F5-3DE1-4A63-A9DD-7A0C41C2751C}"
EndProject
Global
	GlobalSection(SolutionConfigurationPlatforms) = preSolution
		Debug|Any CPU = Debug|Any CPU
		Release|Any CPU = Release|Any CPU
	EndGlobalSection
	GlobalSection(ProjectConfigurationPlatforms) = postSolution
		{70DB83F5-3DE1-4A63-A9DD-7A0C41C2751C}.Debug|Any CPU.ActiveCfg = Debug|Any CPU
		{70DB83F5-3DE1-4A63-A9DD-7A0C41C2751C}.Debug|Any CPU.Build.0 = Debug|Any CPU
		{70DB83F5-3DE1-4A63-A9DD-7A0C41C2751C}.Release|Any CPU.ActiveCfg = Release|Any CPU
		{70DB83F5-3DE1-4A63-A9DD-7A0C41C2751C}.Release|Any CPU.Build.0 = Release|Any CPU
	EndGlobalSection
	GlobalSection(SolutionProperties) = preSolution
		HideSolutionNode = FALSE
	EndGlobalSection
	GlobalSection(ExtensibilityGlobals) = postSolution
		SolutionGuid = {0C038B23-68F0-4E0E-8263-C272F3B74E6B}
	EndGlobalSection
EndGlobal
